
Microsoft Visual Studio Solution File, Format Version 12.00
# Visual Studio Version 17
VisualStudioVersion = 17.5.33516.290
MinimumVisualStudioVersion = 10.0.40219.1
Project("{2150E333-8FDC-42A3-9474-1A3956D46DE8}") = "src", "src", "{827E0CD3-B72D-47B6-A68D-7590B98EB39B}"
EndProject
Project("{FAE04EC0-301F-11D3-BF4B-00C04F79EFBC}") = "CSGencodes", "src\CSGencodes\CSGencodes.csproj", "{F4164148-6750-4831-A9B3-70F8A9CB5DEC}"
EndProject
Project("{FAE04EC0-301F-11D3-BF4B-00C04F79EFBC}") = "CSGencodes.Core", "src\CSGencodes.Core\CSGencodes.Core.csproj", "{EA05298C-6514-4081-B394-888D331823D6}"
EndProject
Project("{FAE04EC0-301F-11D3-BF4B-00C04F79EFBC}") = "CompileJsonCollections", "src\CompileJsonCollections\CompileJsonCollections.csproj", "{41C1BB7F-38C0-4372-AC32-7BDDC56B4B41}"
EndProject
Project("{FAE04EC0-301F-11D3-BF4B-00C04F79EFBC}") = "ImageGrabber", "src\ImageGrabber\ImageGrabber.csproj", "{CDB64915-D0B9-417F-886E-C896D6CD4C37}"
EndProject
Project("{FAE04EC0-301F-11D3-BF4B-00C04F79EFBC}") = "ItemsGameParser", "src\ItemsGameParser\ItemsGameParser.csproj", "{5045F98F-2290-4844-9A26-70E6174EBAAA}"
EndProject
Project("{FAE04EC0-301F-11D3-BF4B-00C04F79EFBC}") = "ItemsParser", "src\ItemsParser\ItemsParser.csproj", "{EB5AFBCB-56A2-4330-8FE8-C7C4124C8027}"
EndProject
Project("{FAE04EC0-301F-11D3-BF4B-00C04F79EFBC}") = "JsonModelCreator", "src\JsonModelCreator\JsonModelCreator.csproj", "{F9B6A4C1-9786-47DA-92B4-08B8B34B993E}"
EndProject
Global
	GlobalSection(SolutionConfigurationPlatforms) = preSolution
		Debug|Any CPU = Debug|Any CPU
		Debug|x64 = Debug|x64
		Debug|x86 = Debug|x86
		Release|Any CPU = Release|Any CPU
		Release|x64 = Release|x64
		Release|x86 = Release|x86
	EndGlobalSection
	GlobalSection(ProjectConfigurationPlatforms) = postSolution
		{F4164148-6750-4831-A9B3-70F8A9CB5DEC}.Debug|Any CPU.ActiveCfg = Debug|Any CPU
		{F4164148-6750-4831-A9B3-70F8A9CB5DEC}.Debug|Any CPU.Build.0 = Debug|Any CPU
		{F4164148-6750-4831-A9B3-70F8A9CB5DEC}.Debug|x64.ActiveCfg = Debug|Any CPU
		{F4164148-6750-4831-A9B3-70F8A9CB5DEC}.Debug|x64.Build.0 = Debug|Any CPU
		{F4164148-6750-4831-A9B3-70F8A9CB5DEC}.Debug|x86.ActiveCfg = Debug|Any CPU
		{F4164148-6750-4831-A9B3-70F8A9CB5DEC}.Debug|x86.Build.0 = Debug|Any CPU
		{F4164148-6750-4831-A9B3-70F8A9CB5DEC}.Release|Any CPU.ActiveCfg = Release|Any CPU
		{F4164148-6750-4831-A9B3-70F8A9CB5DEC}.Release|Any CPU.Build.0 = Release|Any CPU
		{F4164148-6750-4831-A9B3-70F8A9CB5DEC}.Release|x64.ActiveCfg = Release|Any CPU
		{F4164148-6750-4831-A9B3-70F8A9CB5DEC}.Release|x64.Build.0 = Release|Any CPU
		{F4164148-6750-4831-A9B3-70F8A9CB5DEC}.Release|x86.ActiveCfg = Release|Any CPU
		{F4164148-6750-4831-A9B3-70F8A9CB5DEC}.Release|x86.Build.0 = Release|Any CPU
		{EA05298C-6514-4081-B394-888D331823D6}.Debug|Any CPU.ActiveCfg = Debug|Any CPU
		{EA05298C-6514-4081-B394-888D331823D6}.Debug|Any CPU.Build.0 = Debug|Any CPU
		{EA05298C-6514-4081-B394-888D331823D6}.Debug|x64.ActiveCfg = Debug|Any CPU
		{EA05298C-6514-4081-B394-888D331823D6}.Debug|x64.Build.0 = Debug|Any CPU
		{EA05298C-6514-4081-B394-888D331823D6}.Debug|x86.ActiveCfg = Debug|Any CPU
		{EA05298C-6514-4081-B394-888D331823D6}.Debug|x86.Build.0 = Debug|Any CPU
		{EA05298C-6514-4081-B394-888D331823D6}.Release|Any CPU.ActiveCfg = Release|Any CPU
		{EA05298C-6514-4081-B394-888D331823D6}.Release|Any CPU.Build.0 = Release|Any CPU
		{EA05298C-6514-4081-B394-888D331823D6}.Release|x64.ActiveCfg = Release|Any CPU
		{EA05298C-6514-4081-B394-888D331823D6}.Release|x64.Build.0 = Release|Any CPU
		{EA05298C-6514-4081-B394-888D331823D6}.Release|x86.ActiveCfg = Release|Any CPU
		{EA05298C-6514-4081-B394-888D331823D6}.Release|x86.Build.0 = Release|Any CPU
		{41C1BB7F-38C0-4372-AC32-7BDDC56B4B41}.Debug|Any CPU.ActiveCfg = Debug|Any CPU
		{41C1BB7F-38C0-4372-AC32-7BDDC56B4B41}.Debug|Any CPU.Build.0 = Debug|Any CPU
		{41C1BB7F-38C0-4372-AC32-7BDDC56B4B41}.Debug|x64.ActiveCfg = Debug|Any CPU
		{41C1BB7F-38C0-4372-AC32-7BDDC56B4B41}.Debug|x64.Build.0 = Debug|Any CPU
		{41C1BB7F-38C0-4372-AC32-7BDDC56B4B41}.Debug|x86.ActiveCfg = Debug|Any CPU
		{41C1BB7F-38C0-4372-AC32-7BDDC56B4B41}.Debug|x86.Build.0 = Debug|Any CPU
		{41C1BB7F-38C0-4372-AC32-7BDDC56B4B41}.Release|Any CPU.ActiveCfg = Release|Any CPU
		{41C1BB7F-38C0-4372-AC32-7BDDC56B4B41}.Release|Any CPU.Build.0 = Release|Any CPU
		{41C1BB7F-38C0-4372-AC32-7BDDC56B4B41}.Release|x64.ActiveCfg = Release|Any CPU
		{41C1BB7F-38C0-4372-AC32-7BDDC56B4B41}.Release|x64.Build.0 = Release|Any CPU
		{41C1BB7F-38C0-4372-AC32-7BDDC56B4B41}.Release|x86.ActiveCfg = Release|Any CPU
		{41C1BB7F-38C0-4372-AC32-7BDDC56B4B41}.Release|x86.Build.0 = Release|Any CPU
		{CDB64915-D0B9-417F-886E-C896D6CD4C37}.Debug|Any CPU.ActiveCfg = Debug|Any CPU
		{CDB64915-D0B9-417F-886E-C896D6CD4C37}.Debug|Any CPU.Build.0 = Debug|Any CPU
		{CDB64915-D0B9-417F-886E-C896D6CD4C37}.Debug|x64.ActiveCfg = Debug|Any CPU
		{CDB64915-D0B9-417F-886E-C896D6CD4C37}.Debug|x64.Build.0 = Debug|Any CPU
		{CDB64915-D0B9-417F-886E-C896D6CD4C37}.Debug|x86.ActiveCfg = Debug|Any CPU
		{CDB64915-D0B9-417F-886E-C896D6CD4C37}.Debug|x86.Build.0 = Debug|Any CPU
		{CDB64915-D0B9-417F-886E-C896D6CD4C37}.Release|Any CPU.ActiveCfg = Release|Any CPU
		{CDB64915-D0B9-417F-886E-C896D6CD4C37}.Release|Any CPU.Build.0 = Release|Any CPU
		{CDB64915-D0B9-417F-886E-C896D6CD4C37}.Release|x64.ActiveCfg = Release|Any CPU
		{CDB64915-D0B9-417F-886E-C896D6CD4C37}.Release|x64.Build.0 = Release|Any CPU
		{CDB64915-D0B9-417F-886E-C896D6CD4C37}.Release|x86.ActiveCfg = Release|Any CPU
		{CDB64915-D0B9-417F-886E-C896D6CD4C37}.Release|x86.Build.0 = Release|Any CPU
		{5045F98F-2290-4844-9A26-70E6174EBAAA}.Debug|Any CPU.ActiveCfg = Debug|Any CPU
		{5045F98F-2290-4844-9A26-70E6174EBAAA}.Debug|Any CPU.Build.0 = Debug|Any CPU
		{5045F98F-2290-4844-9A26-70E6174EBAAA}.Debug|x64.ActiveCfg = Debug|Any CPU
		{5045F98F-2290-4844-9A26-70E6174EBAAA}.Debug|x64.Build.0 = Debug|Any CPU
		{5045F98F-2290-4844-9A26-70E6174EBAAA}.Debug|x86.ActiveCfg = Debug|Any CPU
		{5045F98F-2290-4844-9A26-70E6174EBAAA}.Debug|x86.Build.0 = Debug|Any CPU
		{5045F98F-2290-4844-9A26-70E6174EBAAA}.Release|Any CPU.ActiveCfg = Release|Any CPU
		{5045F98F-2290-4844-9A26-70E6174EBAAA}.Release|Any CPU.Build.0 = Release|Any CPU
		{5045F98F-2290-4844-9A26-70E6174EBAAA}.Release|x64.ActiveCfg = Release|Any CPU
		{5045F98F-2290-4844-9A26-70E6174EBAAA}.Release|x64.Build.0 = Release|Any CPU
		{5045F98F-2290-4844-9A26-70E6174EBAAA}.Release|x86.ActiveCfg = Release|Any CPU
		{5045F98F-2290-4844-9A26-70E6174EBAAA}.Release|x86.Build.0 = Release|Any CPU
		{EB5AFBCB-56A2-4330-8FE8-C7C4124C8027}.Debug|Any CPU.ActiveCfg = Debug|Any CPU
		{EB5AFBCB-56A2-4330-8FE8-C7C4124C8027}.Debug|Any CPU.Build.0 = Debug|Any CPU
		{EB5AFBCB-56A2-4330-8FE8-C7C4124C8027}.Debug|x64.ActiveCfg = Debug|Any CPU
		{EB5AFBCB-56A2-4330-8FE8-C7C4124C8027}.Debug|x64.Build.0 = Debug|Any CPU
		{EB5AFBCB-56A2-4330-8FE8-C7C4124C8027}.Debug|x86.ActiveCfg = Debug|Any CPU
		{EB5AFBCB-56A2-4330-8FE8-C7C4124C8027}.Debug|x86.Build.0 = Debug|Any CPU
		{EB5AFBCB-56A2-4330-8FE8-C7C4124C8027}.Release|Any CPU.ActiveCfg = Release|Any CPU
		{EB5AFBCB-56A2-4330-8FE8-C7C4124C8027}.Release|Any CPU.Build.0 = Release|Any CPU
		{EB5AFBCB-56A2-4330-8FE8-C7C4124C8027}.Release|x64.ActiveCfg = Release|Any CPU
		{EB5AFBCB-56A2-4330-8FE8-C7C4124C8027}.Release|x64.Build.0 = Release|Any CPU
		{EB5AFBCB-56A2-4330-8FE8-C7C4124C8027}.Release|x86.ActiveCfg = Release|Any CPU
		{EB5AFBCB-56A2-4330-8FE8-C7C4124C8027}.Release|x86.Build.0 = Release|Any CPU
		{F9B6A4C1-9786-47DA-92B4-08B8B34B993E}.Debug|Any CPU.ActiveCfg = Debug|Any CPU
		{F9B6A4C1-9786-47DA-92B4-08B8B34B993E}.Debug|Any CPU.Build.0 = Debug|Any CPU
		{F9B6A4C1-9786-47DA-92B4-08B8B34B993E}.Debug|x64.ActiveCfg = Debug|Any CPU
		{F9B6A4C1-9786-47DA-92B4-08B8B34B993E}.Debug|x64.Build.0 = Debug|Any CPU
		{F9B6A4C1-9786-47DA-92B4-08B8B34B993E}.Debug|x86.ActiveCfg = Debug|Any CPU
		{F9B6A4C1-9786-47DA-92B4-08B8B34B993E}.Debug|x86.Build.0 = Debug|Any CPU
		{F9B6A4C1-9786-47DA-92B4-08B8B34B993E}.Release|Any CPU.ActiveCfg = Release|Any CPU
		{F9B6A4C1-9786-47DA-92B4-08B8B34B993E}.Release|Any CPU.Build.0 = Release|Any CPU
		{F9B6A4C1-9786-47DA-92B4-08B8B34B993E}.Release|x64.ActiveCfg = Release|Any CPU
		{F9B6A4C1-9786-47DA-92B4-08B8B34B993E}.Release|x64.Build.0 = Release|Any CPU
		{F9B6A4C1-9786-47DA-92B4-08B8B34B993E}.Release|x86.ActiveCfg = Release|Any CPU
		{F9B6A4C1-9786-47DA-92B4-08B8B34B993E}.Release|x86.Build.0 = Release|Any CPU
	EndGlobalSection
	GlobalSection(SolutionProperties) = preSolution
		HideSolutionNode = FALSE
	EndGlobalSection
	GlobalSection(NestedProjects) = preSolution
		{F4164148-6750-4831-A9B3-70F8A9CB5DEC} = {827E0CD3-B72D-47B6-A68D-7590B98EB39B}
		{EA05298C-6514-4081-B394-888D331823D6} = {827E0CD3-B72D-47B6-A68D-7590B98EB39B}
		{41C1BB7F-38C0-4372-AC32-7BDDC56B4B41} = {827E0CD3-B72D-47B6-A68D-7590B98EB39B}
		{CDB64915-D0B9-417F-886E-C896D6CD4C37} = {827E0CD3-B72D-47B6-A68D-7590B98EB39B}
		{5045F98F-2290-4844-9A26-70E6174EBAAA} = {827E0CD3-B72D-47B6-A68D-7590B98EB39B}
		{EB5AFBCB-56A2-4330-8FE8-C7C4124C8027} = {827E0CD3-B72D-47B6-A68D-7590B98EB39B}
		{F9B6A4C1-9786-47DA-92B4-08B8B34B993E} = {827E0CD3-B72D-47B6-A68D-7590B98EB39B}
	EndGlobalSection
	GlobalSection(ExtensibilityGlobals) = postSolution
		SolutionGuid = {680B9B3A-F0DC-4ADC-905C-3634A3B4A01F}
	EndGlobalSection
EndGlobal
