
Microsoft Visual Studio Solution File, Format Version 12.00
# Visual Studio Version 17
VisualStudioVersion = 17.5.33516.290
MinimumVisualStudioVersion = 10.0.40219.1
Project("{FAE04EC0-301F-11D3-BF4B-00C04F79EFBC}") = "CSGO-GEN.Core", "CSGO-GEN.Core\CSGO-GEN.Core.csproj", "{DF190170-D99D-4A5B-BF24-370967C89D49}"
EndProject
Project("{FAE04EC0-301F-11D3-BF4B-00C04F79EFBC}") = "CSGO-GEN-WebAssembly", "CSGO-GEN-WebAssembly\CSGO-GEN-WebAssembly.csproj", "{2FB35A90-7901-41C1-9B5B-C69F6582DD90}"
EndProject
Global
	GlobalSection(SolutionConfigurationPlatforms) = preSolution
		Debug|Any CPU = Debug|Any CPU
		Release|Any CPU = Release|Any CPU
	EndGlobalSection
	GlobalSection(ProjectConfigurationPlatforms) = postSolution
		{DF190170-D99D-4A5B-BF24-370967C89D49}.Debug|Any CPU.ActiveCfg = Debug|Any CPU
		{DF190170-D99D-4A5B-BF24-370967C89D49}.Debug|Any CPU.Build.0 = Debug|Any CPU
		{DF190170-D99D-4A5B-BF24-370967C89D49}.Release|Any CPU.ActiveCfg = Release|Any CPU
		{DF190170-D99D-4A5B-BF24-370967C89D49}.Release|Any CPU.Build.0 = Release|Any CPU
		{2FB35A90-7901-41C1-9B5B-C69F6582DD90}.Debug|Any CPU.ActiveCfg = Debug|Any CPU
		{2FB35A90-7901-41C1-9B5B-C69F6582DD90}.Debug|Any CPU.Build.0 = Debug|Any CPU
		{2FB35A90-7901-41C1-9B5B-C69F6582DD90}.Release|Any CPU.ActiveCfg = Release|Any CPU
		{2FB35A90-7901-41C1-9B5B-C69F6582DD90}.Release|Any CPU.Build.0 = Release|Any CPU
	EndGlobalSection
	GlobalSection(SolutionProperties) = preSolution
		HideSolutionNode = FALSE
	EndGlobalSection
	GlobalSection(ExtensibilityGlobals) = postSolution
		SolutionGuid = {680B9B3A-F0DC-4ADC-905C-3634A3B4A01F}
	EndGlobalSection
EndGlobal
